
Microsoft Visual Studio Solution File, Format Version 12.00
Project("{2150E333-8FDC-42A3-9474-1A3956D46DE8}") = "Api", "Api", "{242CDB7C-107A-4E1F-8400-5C2C9DC2E56C}"
EndProject
Project("{2150E333-8FDC-42A3-9474-1A3956D46DE8}") = "Modules", "Modules", "{DB30B887-748C-4A6D-81F8-7B1459764114}"
EndProject
Project("{2150E333-8FDC-42A3-9474-1A3956D46DE8}") = "Shared", "Shared", "{1BB366AA-6576-46CB-966F-405D192C1752}"
EndProject
Project("{FAE04EC0-301F-11D3-BF4B-00C04F79EFBC}") = "RealEstate.Shared", "Shared\RealEstate.Shared\RealEstate.Shared.csproj", "{E195E25E-E013-4448-A529-C02F85BEA7A4}"
EndProject
Project("{2150E333-8FDC-42A3-9474-1A3956D46DE8}") = "Identity", "Identity", "{28EE05E8-46F4-4082-89EA-030F81D6AAFC}"
EndProject
Project("{2150E333-8FDC-42A3-9474-1A3956D46DE8}") = "PartnerFinder", "PartnerFinder", "{B183FEDC-C841-4A9D-B36A-91B849AB6777}"
EndProject
Project("{2150E333-8FDC-42A3-9474-1A3956D46DE8}") = "Property", "Property", "{52A02E02-DB86-4DD9-B15B-732202552266}"
EndProject
Project("{2150E333-8FDC-42A3-9474-1A3956D46DE8}") = "Subscription", "Subscription", "{C6D0D5D8-DC53-4622-801C-0825B8A09AF9}"
EndProject
Project("{FAE04EC0-301F-11D3-BF4B-00C04F79EFBC}") = "Subscription", "Modules\Subscription\Subscription\Subscription.csproj", "{FC15CD76-9785-469F-A8EB-FC45D04873A0}"
EndProject
Project("{FAE04EC0-301F-11D3-BF4B-00C04F79EFBC}") = "Property", "Modules\Property\Property\Property.csproj", "{CD2EEF5A-9E8A-4C94-9748-3275112F6932}"
EndProject
Project("{FAE04EC0-301F-11D3-BF4B-00C04F79EFBC}") = "PartnerFinder", "Modules\PartnerFinder\PartnerFinder\PartnerFinder.csproj", "{220AC8A5-84B1-454B-A12F-0A4EA53B4C7B}"
EndProject
Project("{FAE04EC0-301F-11D3-BF4B-00C04F79EFBC}") = "Identity", "Modules\Identity\Identity\Identity.csproj", "{D37FF130-A675-45B9-BE7E-CCA3305EEA37}"
EndProject
Project("{FAE04EC0-301F-11D3-BF4B-00C04F79EFBC}") = "Api", "Api\Api\Api.csproj", "{25F557C7-1479-424A-BFB3-CA6FE45FBDF5}"
EndProject
Global
	GlobalSection(SolutionConfigurationPlatforms) = preSolution
		Debug|Any CPU = Debug|Any CPU
		Release|Any CPU = Release|Any CPU
	EndGlobalSection
	GlobalSection(NestedProjects) = preSolution
		{E195E25E-E013-4448-A529-C02F85BEA7A4} = {1BB366AA-6576-46CB-966F-405D192C1752}
		{28EE05E8-46F4-4082-89EA-030F81D6AAFC} = {DB30B887-748C-4A6D-81F8-7B1459764114}
		{B183FEDC-C841-4A9D-B36A-91B849AB6777} = {DB30B887-748C-4A6D-81F8-7B1459764114}
		{52A02E02-DB86-4DD9-B15B-732202552266} = {DB30B887-748C-4A6D-81F8-7B1459764114}
		{C6D0D5D8-DC53-4622-801C-0825B8A09AF9} = {DB30B887-748C-4A6D-81F8-7B1459764114}
		{FC15CD76-9785-469F-A8EB-FC45D04873A0} = {C6D0D5D8-DC53-4622-801C-0825B8A09AF9}
		{CD2EEF5A-9E8A-4C94-9748-3275112F6932} = {52A02E02-DB86-4DD9-B15B-732202552266}
		{220AC8A5-84B1-454B-A12F-0A4EA53B4C7B} = {B183FEDC-C841-4A9D-B36A-91B849AB6777}
		{D37FF130-A675-45B9-BE7E-CCA3305EEA37} = {28EE05E8-46F4-4082-89EA-030F81D6AAFC}
		{25F557C7-1479-424A-BFB3-CA6FE45FBDF5} = {242CDB7C-107A-4E1F-8400-5C2C9DC2E56C}
	EndGlobalSection
	GlobalSection(ProjectConfigurationPlatforms) = postSolution
		{E195E25E-E013-4448-A529-C02F85BEA7A4}.Debug|Any CPU.ActiveCfg = Debug|Any CPU
		{E195E25E-E013-4448-A529-C02F85BEA7A4}.Debug|Any CPU.Build.0 = Debug|Any CPU
		{E195E25E-E013-4448-A529-C02F85BEA7A4}.Release|Any CPU.ActiveCfg = Release|Any CPU
		{E195E25E-E013-4448-A529-C02F85BEA7A4}.Release|Any CPU.Build.0 = Release|Any CPU
		{FC15CD76-9785-469F-A8EB-FC45D04873A0}.Debug|Any CPU.ActiveCfg = Debug|Any CPU
		{FC15CD76-9785-469F-A8EB-FC45D04873A0}.Debug|Any CPU.Build.0 = Debug|Any CPU
		{FC15CD76-9785-469F-A8EB-FC45D04873A0}.Release|Any CPU.ActiveCfg = Release|Any CPU
		{FC15CD76-9785-469F-A8EB-FC45D04873A0}.Release|Any CPU.Build.0 = Release|Any CPU
		{CD2EEF5A-9E8A-4C94-9748-3275112F6932}.Debug|Any CPU.ActiveCfg = Debug|Any CPU
		{CD2EEF5A-9E8A-4C94-9748-3275112F6932}.Debug|Any CPU.Build.0 = Debug|Any CPU
		{CD2EEF5A-9E8A-4C94-9748-3275112F6932}.Release|Any CPU.ActiveCfg = Release|Any CPU
		{CD2EEF5A-9E8A-4C94-9748-3275112F6932}.Release|Any CPU.Build.0 = Release|Any CPU
		{220AC8A5-84B1-454B-A12F-0A4EA53B4C7B}.Debug|Any CPU.ActiveCfg = Debug|Any CPU
		{220AC8A5-84B1-454B-A12F-0A4EA53B4C7B}.Debug|Any CPU.Build.0 = Debug|Any CPU
		{220AC8A5-84B1-454B-A12F-0A4EA53B4C7B}.Release|Any CPU.ActiveCfg = Release|Any CPU
		{220AC8A5-84B1-454B-A12F-0A4EA53B4C7B}.Release|Any CPU.Build.0 = Release|Any CPU
		{D37FF130-A675-45B9-BE7E-CCA3305EEA37}.Debug|Any CPU.ActiveCfg = Debug|Any CPU
		{D37FF130-A675-45B9-BE7E-CCA3305EEA37}.Debug|Any CPU.Build.0 = Debug|Any CPU
		{D37FF130-A675-45B9-BE7E-CCA3305EEA37}.Release|Any CPU.ActiveCfg = Release|Any CPU
		{D37FF130-A675-45B9-BE7E-CCA3305EEA37}.Release|Any CPU.Build.0 = Release|Any CPU
		{25F557C7-1479-424A-BFB3-CA6FE45FBDF5}.Debug|Any CPU.ActiveCfg = Debug|Any CPU
		{25F557C7-1479-424A-BFB3-CA6FE45FBDF5}.Debug|Any CPU.Build.0 = Debug|Any CPU
		{25F557C7-1479-424A-BFB3-CA6FE45FBDF5}.Release|Any CPU.ActiveCfg = Release|Any CPU
		{25F557C7-1479-424A-BFB3-CA6FE45FBDF5}.Release|Any CPU.Build.0 = Release|Any CPU
	EndGlobalSection
EndGlobal
